
Microsoft Visual Studio Solution File, Format Version 12.00
# Visual Studio Version 17
VisualStudioVersion = 17.14.36401.2
MinimumVisualStudioVersion = 10.0.40219.1
Project("{FAE04EC0-301F-11D3-BF4B-00C04F79EFBC}") = "Project1_AdonetCustomer", "Project1_AdonetCustomer\Project1_AdonetCustomer.csproj", "{257F5A45-0232-41B9-8BF3-AEE7C05A05B5}"
EndProject
Project("{FAE04EC0-301F-11D3-BF4B-00C04F79EFBC}") = "Project2_EfDbFirstProduct", "Project2_EfDbFirstProduct\Project2_EfDbFirstProduct.csproj", "{1761C8E3-C298-4DC1-849F-68FA50671E90}"
EndProject
Global
	GlobalSection(SolutionConfigurationPlatforms) = preSolution
		Debug|Any CPU = Debug|Any CPU
		Release|Any CPU = Release|Any CPU
	EndGlobalSection
	GlobalSection(ProjectConfigurationPlatforms) = postSolution
		{257F5A45-0232-41B9-8BF3-AEE7C05A05B5}.Debug|Any CPU.ActiveCfg = Debug|Any CPU
		{257F5A45-0232-41B9-8BF3-AEE7C05A05B5}.Debug|Any CPU.Build.0 = Debug|Any CPU
		{257F5A45-0232-41B9-8BF3-AEE7C05A05B5}.Release|Any CPU.ActiveCfg = Release|Any CPU
		{257F5A45-0232-41B9-8BF3-AEE7C05A05B5}.Release|Any CPU.Build.0 = Release|Any CPU
		{1761C8E3-C298-4DC1-849F-68FA50671E90}.Debug|Any CPU.ActiveCfg = Debug|Any CPU
		{1761C8E3-C298-4DC1-849F-68FA50671E90}.Debug|Any CPU.Build.0 = Debug|Any CPU
		{1761C8E3-C298-4DC1-849F-68FA50671E90}.Release|Any CPU.ActiveCfg = Release|Any CPU
		{1761C8E3-C298-4DC1-849F-68FA50671E90}.Release|Any CPU.Build.0 = Release|Any CPU
	EndGlobalSection
	GlobalSection(SolutionProperties) = preSolution
		HideSolutionNode = FALSE
	EndGlobalSection
	GlobalSection(ExtensibilityGlobals) = postSolution
		SolutionGuid = {5F54A138-4D40-49FD-90DC-4CFB8880D891}
	EndGlobalSection
EndGlobal
